version = 1
revision = 2
requires-python = ">=3.13"

[[package]]
name = "graph-licensing-optimization"
version = "0.1.0"
source = { virtual = "." }
dependencies = [
    { name = "networkx" },
    { name = "pulp" },
]

[package.metadata]
requires-dist = [
    { name = "networkx", specifier = ">=3.5" },
    { name = "pulp", specifier = ">=3.2.1" },
]

[[package]]
name = "networkx"
version = "3.5"
source = { registry = "https://pypi.org/simple" }
sdist = { url = "https://files.pythonhosted.org/packages/6c/4f/ccdb8ad3a38e583f214547fd2f7ff1fc160c43a75af88e6aec213404b96a/networkx-3.5.tar.gz", hash = "sha256:d4c6f9cf81f52d69230866796b82afbccdec3db7ae4fbd1b65ea750feed50037", size = 2471065, upload-time = "2025-05-29T11:35:07.804Z" }
wheels = [
    { url = "https://files.pythonhosted.org/packages/eb/8d/776adee7bbf76365fdd7f2552710282c79a4ead5d2a46408c9043a2b70ba/networkx-3.5-py3-none-any.whl", hash = "sha256:0030d386a9a06dee3565298b4a734b68589749a544acbb6c412dc9e2489ec6ec", size = 2034406, upload-time = "2025-05-29T11:35:04.961Z" },
]

[[package]]
name = "pulp"
version = "3.2.1"
source = { registry = "https://pypi.org/simple" }
sdist = { url = "https://files.pythonhosted.org/packages/2f/cd/cb1308632ad5b092ebbfe64d0cd0b9906caec6e52bff88f54ddd3d434694/pulp-3.2.1.tar.gz", hash = "sha256:fc6c02c47c06342c586b175924add753cad7638ff6149b3b43e87ac6709ac469", size = 16297436, upload-time = "2025-05-29T09:25:51.647Z" }
wheels = [
    { url = "https://files.pythonhosted.org/packages/84/45/2bb878df73b5545405faff0b0b30f72929222356387a41b50ca268951d5d/pulp-3.2.1-py3-none-any.whl", hash = "sha256:c6cf7fe84cef15795bc7c27e2f3c6784db5cf6ebf68e94d5a659b02415f982c5", size = 16383592, upload-time = "2025-05-29T09:25:49.262Z" },
]
